// !$*UTF8*$!
{
	archiveVersion = 1;
	classes = {
	};
	objectVersion = 50;
	objects = {

/* Begin PBXBuildFile section */
		D5C912C82473AC1800833F7E /* AppDelegate.swift in Sources */ = {isa = PBXBuildFile; fileRef = D5C912C72473AC1800833F7E /* AppDelegate.swift */; };
		D5C912CC2473AC1900833F7E /* ViewController.swift in Sources */ = {isa = PBXBuildFile; fileRef = D5C912CB2473AC1900833F7E /* ViewController.swift */; };
		D5C912CF2473AC1900833F7E /* Main.storyboard in Resources */ = {isa = PBXBuildFile; fileRef = D5C912CD2473AC1900833F7E /* Main.storyboard */; };
		D5C912D12473AC1900833F7E /* Assets.xcassets in Resources */ = {isa = PBXBuildFile; fileRef = D5C912D02473AC1900833F7E /* Assets.xcassets */; };
		D5C912D42473AC1900833F7E /* LaunchScreen.storyboard in Resources */ = {isa = PBXBuildFile; fileRef = D5C912D22473AC1900833F7E /* LaunchScreen.storyboard */; };
		D5C912E12473B70400833F7E /* data.json in Resources */ = {isa = PBXBuildFile; fileRef = D5C912E02473B70400833F7E /* data.json */; };
		D5C912E62474083400833F7E /* JsonHelper.swift in Sources */ = {isa = PBXBuildFile; fileRef = D5C912E52474083400833F7E /* JsonHelper.swift */; };
		D5C912E924742B5000833F7E /* CustomCell.swift in Sources */ = {isa = PBXBuildFile; fileRef = D5C912E824742B5000833F7E /* CustomCell.swift */; };
		D5CBA11E247474160039DE60 /* DetailsController.swift in Sources */ = {isa = PBXBuildFile; fileRef = D5CBA11D247474160039DE60 /* DetailsController.swift */; };
		D5CBA12024747D3A0039DE60 /* AddItemController.swift in Sources */ = {isa = PBXBuildFile; fileRef = D5CBA11F24747D3A0039DE60 /* AddItemController.swift */; };
/* End PBXBuildFile section */

/* Begin PBXFileReference section */
		D5C912C42473AC1800833F7E /* HomeWork5.app */ = {isa = PBXFileReference; explicitFileType = wrapper.application; includeInIndex = 0; path = HomeWork5.app; sourceTree = BUILT_PRODUCTS_DIR; };
		D5C912C72473AC1800833F7E /* AppDelegate.swift */ = {isa = PBXFileReference; lastKnownFileType = sourcecode.swift; path = AppDelegate.swift; sourceTree = "<group>"; };
		D5C912CB2473AC1900833F7E /* ViewController.swift */ = {isa = PBXFileReference; lastKnownFileType = sourcecode.swift; path = ViewController.swift; sourceTree = "<group>"; };
		D5C912CE2473AC1900833F7E /* Base */ = {isa = PBXFileReference; lastKnownFileType = file.storyboard; name = Base; path = Base.lproj/Main.storyboard; sourceTree = "<group>"; };
		D5C912D02473AC1900833F7E /* Assets.xcassets */ = {isa = PBXFileReference; lastKnownFileType = folder.assetcatalog; path = Assets.xcassets; sourceTree = "<group>"; };
		D5C912D32473AC1900833F7E /* Base */ = {isa = PBXFileReference; lastKnownFileType = file.storyboard; name = Base; path = Base.lproj/LaunchScreen.storyboard; sourceTree = "<group>"; };
		D5C912D52473AC1900833F7E /* Info.plist */ = {isa = PBXFileReference; lastKnownFileType = text.plist.xml; path = Info.plist; sourceTree = "<group>"; };
		D5C912E02473B70400833F7E /* data.json */ = {isa = PBXFileReference; lastKnownFileType = text.json; path = data.json; sourceTree = "<group>"; };
		D5C912E52474083400833F7E /* JsonHelper.swift */ = {isa = PBXFileReference; lastKnownFileType = sourcecode.swift; path = JsonHelper.swift; sourceTree = "<group>"; };
		D5C912E824742B5000833F7E /* CustomCell.swift */ = {isa = PBXFileReference; lastKnownFileType = sourcecode.swift; path = CustomCell.swift; sourceTree = "<group>"; };
		D5CBA11D247474160039DE60 /* DetailsController.swift */ = {isa = PBXFileReference; lastKnownFileType = sourcecode.swift; path = DetailsController.swift; sourceTree = "<group>"; };
		D5CBA11F24747D3A0039DE60 /* AddItemController.swift */ = {isa = PBXFileReference; lastKnownFileType = sourcecode.swift; path = AddItemController.swift; sourceTree = "<group>"; };
/* End PBXFileReference section */

/* Begin PBXFrameworksBuildPhase section */
		D5C912C12473AC1800833F7E /* Frameworks */ = {
			isa = PBXFrameworksBuildPhase;
			buildActionMask = 2147483647;
			files = (
			);
			runOnlyForDeploymentPostprocessing = 0;
		};
/* End PBXFrameworksBuildPhase section */

/* Begin PBXGroup section */
		D5C912BB2473AC1800833F7E = {
			isa = PBXGroup;
			children = (
				D5C912C62473AC1800833F7E /* HomeWork5 */,
				D5C912C52473AC1800833F7E /* Products */,
			);
			sourceTree = "<group>";
		};
		D5C912C52473AC1800833F7E /* Products */ = {
			isa = PBXGroup;
			children = (
				D5C912C42473AC1800833F7E /* HomeWork5.app */,
			);
			name = Products;
			sourceTree = "<group>";
		};
		D5C912C62473AC1800833F7E /* HomeWork5 */ = {
			isa = PBXGroup;
			children = (
				D5C912E724742B0F00833F7E /* View */,
				D5C912E2247407E100833F7E /* Helpers */,
				D5C912DF2473B6CB00833F7E /* json */,
				D5C912DD2473AC6400833F7E /* Delegates */,
				D5C912DE2473AC7100833F7E /* Controllers */,
				D5C912DC2473AC5300833F7E /* Storyboards */,
				D5C912DB2473AC4B00833F7E /* etc */,
			);
			path = HomeWork5;
			sourceTree = "<group>";
		};
		D5C912DB2473AC4B00833F7E /* etc */ = {
			isa = PBXGroup;
			children = (
				D5C912D02473AC1900833F7E /* Assets.xcassets */,
				D5C912D52473AC1900833F7E /* Info.plist */,
			);
			path = etc;
			sourceTree = "<group>";
		};
		D5C912DC2473AC5300833F7E /* Storyboards */ = {
			isa = PBXGroup;
			children = (
				D5C912CD2473AC1900833F7E /* Main.storyboard */,
				D5C912D22473AC1900833F7E /* LaunchScreen.storyboard */,
			);
			path = Storyboards;
			sourceTree = "<group>";
		};
		D5C912DD2473AC6400833F7E /* Delegates */ = {
			isa = PBXGroup;
			children = (
				D5C912C72473AC1800833F7E /* AppDelegate.swift */,
			);
			path = Delegates;
			sourceTree = "<group>";
		};
		D5C912DE2473AC7100833F7E /* Controllers */ = {
			isa = PBXGroup;
			children = (
				D5C912CB2473AC1900833F7E /* ViewController.swift */,
				D5CBA11D247474160039DE60 /* DetailsController.swift */,
				D5CBA11F24747D3A0039DE60 /* AddItemController.swift */,
			);
			path = Controllers;
			sourceTree = "<group>";
		};
		D5C912DF2473B6CB00833F7E /* json */ = {
			isa = PBXGroup;
			children = (
				D5C912E02473B70400833F7E /* data.json */,
			);
			path = json;
			sourceTree = "<group>";
		};
		D5C912E2247407E100833F7E /* Helpers */ = {
			isa = PBXGroup;
			children = (
				D5C912E52474083400833F7E /* JsonHelper.swift */,
			);
			path = Helpers;
			sourceTree = "<group>";
		};
		D5C912E724742B0F00833F7E /* View */ = {
			isa = PBXGroup;
			children = (
				D5C912E824742B5000833F7E /* CustomCell.swift */,
			);
			path = View;
			sourceTree = "<group>";
		};
/* End PBXGroup section */

/* Begin PBXNativeTarget section */
		D5C912C32473AC1800833F7E /* HomeWork5 */ = {
			isa = PBXNativeTarget;
			buildConfigurationList = D5C912D82473AC1900833F7E /* Build configuration list for PBXNativeTarget "HomeWork5" */;
			buildPhases = (
				D5C912C02473AC1800833F7E /* Sources */,
				D5C912C12473AC1800833F7E /* Frameworks */,
				D5C912C22473AC1800833F7E /* Resources */,
			);
			buildRules = (
			);
			dependencies = (
			);
			name = HomeWork5;
			productName = HomeWork5;
			productReference = D5C912C42473AC1800833F7E /* HomeWork5.app */;
			productType = "com.apple.product-type.application";
		};
/* End PBXNativeTarget section */

/* Begin PBXProject section */
		D5C912BC2473AC1800833F7E /* Project object */ = {
			isa = PBXProject;
			attributes = {
				LastSwiftUpdateCheck = 1140;
				LastUpgradeCheck = 1140;
				ORGANIZATIONNAME = "Vadym Volkov";
				TargetAttributes = {
					D5C912C32473AC1800833F7E = {
						CreatedOnToolsVersion = 11.4.1;
					};
				};
			};
			buildConfigurationList = D5C912BF2473AC1800833F7E /* Build configuration list for PBXProject "HomeWork5" */;
			compatibilityVersion = "Xcode 9.3";
			developmentRegion = en;
			hasScannedForEncodings = 0;
			knownRegions = (
				en,
				Base,
			);
			mainGroup = D5C912BB2473AC1800833F7E;
			productRefGroup = D5C912C52473AC1800833F7E /* Products */;
			projectDirPath = "";
			projectRoot = "";
			targets = (
				D5C912C32473AC1800833F7E /* HomeWork5 */,
			);
		};
/* End PBXProject section */

/* Begin PBXResourcesBuildPhase section */
		D5C912C22473AC1800833F7E /* Resources */ = {
			isa = PBXResourcesBuildPhase;
			buildActionMask = 2147483647;
			files = (
				D5C912D42473AC1900833F7E /* LaunchScreen.storyboard in Resources */,
				D5C912D12473AC1900833F7E /* Assets.xcassets in Resources */,
				D5C912CF2473AC1900833F7E /* Main.storyboard in Resources */,
				D5C912E12473B70400833F7E /* data.json in Resources */,
			);
			runOnlyForDeploymentPostprocessing = 0;
		};
/* End PBXResourcesBuildPhase section */

/* Begin PBXSourcesBuildPhase section */
		D5C912C02473AC1800833F7E /* Sources */ = {
			isa = PBXSourcesBuildPhase;
			buildActionMask = 2147483647;
			files = (
				D5CBA12024747D3A0039DE60 /* AddItemController.swift in Sources */,
				D5C912E62474083400833F7E /* JsonHelper.swift in Sources */,
				D5C912CC2473AC1900833F7E /* ViewController.swift in Sources */,
				D5CBA11E247474160039DE60 /* DetailsController.swift in Sources */,
				D5C912E924742B5000833F7E /* CustomCell.swift in Sources */,
				D5C912C82473AC1800833F7E /* AppDelegate.swift in Sources */,
			);
			runOnlyForDeploymentPostprocessing = 0;
		};
/* End PBXSourcesBuildPhase section */

/* Begin PBXVariantGroup section */
		D5C912CD2473AC1900833F7E /* Main.storyboard */ = {
			isa = PBXVariantGroup;
			children = (
				D5C912CE2473AC1900833F7E /* Base */,
			);
			name = Main.storyboard;
			sourceTree = "<group>";
		};
		D5C912D22473AC1900833F7E /* LaunchScreen.storyboard */ = {
			isa = PBXVariantGroup;
			children = (
				D5C912D32473AC1900833F7E /* Base */,
			);
			name = LaunchScreen.storyboard;
			sourceTree = "<group>";
		};
/* End PBXVariantGroup section */

/* Begin XCBuildConfiguration section */
		D5C912D62473AC1900833F7E /* Debug */ = {
			isa = XCBuildConfiguration;
			buildSettings = {
				ALWAYS_SEARCH_USER_PATHS = NO;
				CLANG_ANALYZER_NONNULL = YES;
				CLANG_ANALYZER_NUMBER_OBJECT_CONVERSION = YES_AGGRESSIVE;
				CLANG_CXX_LANGUAGE_STANDARD = "gnu++14";
				CLANG_CXX_LIBRARY = "libc++";
				CLANG_ENABLE_MODULES = YES;
				CLANG_ENABLE_OBJC_ARC = YES;
				CLANG_ENABLE_OBJC_WEAK = YES;
				CLANG_WARN_BLOCK_CAPTURE_AUTORELEASING = YES;
				CLANG_WARN_BOOL_CONVERSION = YES;
				CLANG_WARN_COMMA = YES;
				CLANG_WARN_CONSTANT_CONVERSION = YES;
				CLANG_WARN_DEPRECATED_OBJC_IMPLEMENTATIONS = YES;
				CLANG_WARN_DIRECT_OBJC_ISA_USAGE = YES_ERROR;
				CLANG_WARN_DOCUMENTATION_COMMENTS = YES;
				CLANG_WARN_EMPTY_BODY = YES;
				CLANG_WARN_ENUM_CONVERSION = YES;
				CLANG_WARN_INFINITE_RECURSION = YES;
				CLANG_WARN_INT_CONVERSION = YES;
				CLANG_WARN_NON_LITERAL_NULL_CONVERSION = YES;
				CLANG_WARN_OBJC_IMPLICIT_RETAIN_SELF = YES;
				CLANG_WARN_OBJC_LITERAL_CONVERSION = YES;
				CLANG_WARN_OBJC_ROOT_CLASS = YES_ERROR;
				CLANG_WARN_RANGE_LOOP_ANALYSIS = YES;
				CLANG_WARN_STRICT_PROTOTYPES = YES;
				CLANG_WARN_SUSPICIOUS_MOVE = YES;
				CLANG_WARN_UNGUARDED_AVAILABILITY = YES_AGGRESSIVE;
				CLANG_WARN_UNREACHABLE_CODE = YES;
				CLANG_WARN__DUPLICATE_METHOD_MATCH = YES;
				COPY_PHASE_STRIP = NO;
				DEBUG_INFORMATION_FORMAT = dwarf;
				ENABLE_STRICT_OBJC_MSGSEND = YES;
				ENABLE_TESTABILITY = YES;
				GCC_C_LANGUAGE_STANDARD = gnu11;
				GCC_DYNAMIC_NO_PIC = NO;
				GCC_NO_COMMON_BLOCKS = YES;
				GCC_OPTIMIZATION_LEVEL = 0;
				GCC_PREPROCESSOR_DEFINITIONS = (
					"DEBUG=1",
					"$(inherited)",
				);
				GCC_WARN_64_TO_32_BIT_CONVERSION = YES;
				GCC_WARN_ABOUT_RETURN_TYPE = YES_ERROR;
				GCC_WARN_UNDECLARED_SELECTOR = YES;
				GCC_WARN_UNINITIALIZED_AUTOS = YES_AGGRESSIVE;
				GCC_WARN_UNUSED_FUNCTION = YES;
				GCC_WARN_UNUSED_VARIABLE = YES;
				IPHONEOS_DEPLOYMENT_TARGET = 13.4;
				MTL_ENABLE_DEBUG_INFO = INCLUDE_SOURCE;
				MTL_FAST_MATH = YES;
				ONLY_ACTIVE_ARCH = YES;
				SDKROOT = iphoneos;
				SWIFT_ACTIVE_COMPILATION_CONDITIONS = DEBUG;
				SWIFT_OPTIMIZATION_LEVEL = "-Onone";
			};
			name = Debug;
		};
		D5C912D72473AC1900833F7E /* Release */ = {
			isa = XCBuildConfiguration;
			buildSettings = {
				ALWAYS_SEARCH_USER_PATHS = NO;
				CLANG_ANALYZER_NONNULL = YES;
				CLANG_ANALYZER_NUMBER_OBJECT_CONVERSION = YES_AGGRESSIVE;
				CLANG_CXX_LANGUAGE_STANDARD = "gnu++14";
				CLANG_CXX_LIBRARY = "libc++";
				CLANG_ENABLE_MODULES = YES;
				CLANG_ENABLE_OBJC_ARC = YES;
				CLANG_ENABLE_OBJC_WEAK = YES;
				CLANG_WARN_BLOCK_CAPTURE_AUTORELEASING = YES;
				CLANG_WARN_BOOL_CONVERSION = YES;
				CLANG_WARN_COMMA = YES;
				CLANG_WARN_CONSTANT_CONVERSION = YES;
				CLANG_WARN_DEPRECATED_OBJC_IMPLEMENTATIONS = YES;
				CLANG_WARN_DIRECT_OBJC_ISA_USAGE = YES_ERROR;
				CLANG_WARN_DOCUMENTATION_COMMENTS = YES;
				CLANG_WARN_EMPTY_BODY = YES;
				CLANG_WARN_ENUM_CONVERSION = YES;
				CLANG_WARN_INFINITE_RECURSION = YES;
				CLANG_WARN_INT_CONVERSION = YES;
				CLANG_WARN_NON_LITERAL_NULL_CONVERSION = YES;
				CLANG_WARN_OBJC_IMPLICIT_RETAIN_SELF = YES;
				CLANG_WARN_OBJC_LITERAL_CONVERSION = YES;
				CLANG_WARN_OBJC_ROOT_CLASS = YES_ERROR;
				CLANG_WARN_RANGE_LOOP_ANALYSIS = YES;
				CLANG_WARN_STRICT_PROTOTYPES = YES;
				CLANG_WARN_SUSPICIOUS_MOVE = YES;
				CLANG_WARN_UNGUARDED_AVAILABILITY = YES_AGGRESSIVE;
				CLANG_WARN_UNREACHABLE_CODE = YES;
				CLANG_WARN__DUPLICATE_METHOD_MATCH = YES;
				COPY_PHASE_STRIP = NO;
				DEBUG_INFORMATION_FORMAT = "dwarf-with-dsym";
				ENABLE_NS_ASSERTIONS = NO;
				ENABLE_STRICT_OBJC_MSGSEND = YES;
				GCC_C_LANGUAGE_STANDARD = gnu11;
				GCC_NO_COMMON_BLOCKS = YES;
				GCC_WARN_64_TO_32_BIT_CONVERSION = YES;
				GCC_WARN_ABOUT_RETURN_TYPE = YES_ERROR;
				GCC_WARN_UNDECLARED_SELECTOR = YES;
				GCC_WARN_UNINITIALIZED_AUTOS = YES_AGGRESSIVE;
				GCC_WARN_UNUSED_FUNCTION = YES;
				GCC_WARN_UNUSED_VARIABLE = YES;
				IPHONEOS_DEPLOYMENT_TARGET = 13.4;
				MTL_ENABLE_DEBUG_INFO = NO;
				MTL_FAST_MATH = YES;
				SDKROOT = iphoneos;
				SWIFT_COMPILATION_MODE = wholemodule;
				SWIFT_OPTIMIZATION_LEVEL = "-O";
				VALIDATE_PRODUCT = YES;
			};
			name = Release;
		};
		D5C912D92473AC1900833F7E /* Debug */ = {
			isa = XCBuildConfiguration;
			buildSettings = {
				ASSETCATALOG_COMPILER_APPICON_NAME = AppIcon;
				CODE_SIGN_STYLE = Automatic;
				DEVELOPMENT_TEAM = WDNVRYS434;
				INFOPLIST_FILE = HomeWork5/etc/Info.plist;
				LD_RUNPATH_SEARCH_PATHS = (
					"$(inherited)",
					"@executable_path/Frameworks",
				);
				PRODUCT_BUNDLE_IDENTIFIER = Home.HomeWork5;
				PRODUCT_NAME = "$(TARGET_NAME)";
				SWIFT_VERSION = 5.0;
				TARGETED_DEVICE_FAMILY = "1,2";
			};
			name = Debug;
		};
		D5C912DA2473AC1900833F7E /* Release */ = {
			isa = XCBuildConfiguration;
			buildSettings = {
				ASSETCATALOG_COMPILER_APPICON_NAME = AppIcon;
				CODE_SIGN_STYLE = Automatic;
				DEVELOPMENT_TEAM = WDNVRYS434;
				INFOPLIST_FILE = HomeWork5/etc/Info.plist;
				LD_RUNPATH_SEARCH_PATHS = (
					"$(inherited)",
					"@executable_path/Frameworks",
				);
				PRODUCT_BUNDLE_IDENTIFIER = Home.HomeWork5;
				PRODUCT_NAME = "$(TARGET_NAME)";
				SWIFT_VERSION = 5.0;
				TARGETED_DEVICE_FAMILY = "1,2";
			};
			name = Release;
		};
/* End XCBuildConfiguration section */

/* Begin XCConfigurationList section */
		D5C912BF2473AC1800833F7E /* Build configuration list for PBXProject "HomeWork5" */ = {
			isa = XCConfigurationList;
			buildConfigurations = (
				D5C912D62473AC1900833F7E /* Debug */,
				D5C912D72473AC1900833F7E /* Release */,
			);
			defaultConfigurationIsVisible = 0;
			defaultConfigurationName = Release;
		};
		D5C912D82473AC1900833F7E /* Build configuration list for PBXNativeTarget "HomeWork5" */ = {
			isa = XCConfigurationList;
			buildConfigurations = (
				D5C912D92473AC1900833F7E /* Debug */,
				D5C912DA2473AC1900833F7E /* Release */,
			);
			defaultConfigurationIsVisible = 0;
			defaultConfigurationName = Release;
		};
/* End XCConfigurationList section */
	};
	rootObject = D5C912BC2473AC1800833F7E /* Project object */;
}
